
Microsoft Visual Studio Solution File, Format Version 12.00
# Visual Studio Version 17
VisualStudioVersion = 17.0.31903.59
MinimumVisualStudioVersion = 10.0.40219.1
Project("{FAE04EC0-301F-11D3-BF4B-00C04F79EFBC}") = "Bussiness", "Bussiness\Bussiness.csproj", "{001164D7-3813-4A0D-8796-2A6A684A345C}"
EndProject
Project("{FAE04EC0-301F-11D3-BF4B-00C04F79EFBC}") = "Entities", "Entities\Entities.csproj", "{94E7FF72-1FC6-4832-8989-67E6AE56E8DB}"
EndProject
Project("{FAE04EC0-301F-11D3-BF4B-00C04F79EFBC}") = "Console.UI", "Console.UI\Console.UI.csproj", "{4B2ED757-D7DA-4C01-A274-51182AE7108F}"
EndProject
Global
	GlobalSection(SolutionConfigurationPlatforms) = preSolution
		Debug|Any CPU = Debug|Any CPU
		Release|Any CPU = Release|Any CPU
	EndGlobalSection
	GlobalSection(SolutionProperties) = preSolution
		HideSolutionNode = FALSE
	EndGlobalSection
	GlobalSection(ProjectConfigurationPlatforms) = postSolution
		{001164D7-3813-4A0D-8796-2A6A684A345C}.Debug|Any CPU.ActiveCfg = Debug|Any CPU
		{001164D7-3813-4A0D-8796-2A6A684A345C}.Debug|Any CPU.Build.0 = Debug|Any CPU
		{001164D7-3813-4A0D-8796-2A6A684A345C}.Release|Any CPU.ActiveCfg = Release|Any CPU
		{001164D7-3813-4A0D-8796-2A6A684A345C}.Release|Any CPU.Build.0 = Release|Any CPU
		{94E7FF72-1FC6-4832-8989-67E6AE56E8DB}.Debug|Any CPU.ActiveCfg = Debug|Any CPU
		{94E7FF72-1FC6-4832-8989-67E6AE56E8DB}.Debug|Any CPU.Build.0 = Debug|Any CPU
		{94E7FF72-1FC6-4832-8989-67E6AE56E8DB}.Release|Any CPU.ActiveCfg = Release|Any CPU
		{94E7FF72-1FC6-4832-8989-67E6AE56E8DB}.Release|Any CPU.Build.0 = Release|Any CPU
		{4B2ED757-D7DA-4C01-A274-51182AE7108F}.Debug|Any CPU.ActiveCfg = Debug|Any CPU
		{4B2ED757-D7DA-4C01-A274-51182AE7108F}.Debug|Any CPU.Build.0 = Debug|Any CPU
		{4B2ED757-D7DA-4C01-A274-51182AE7108F}.Release|Any CPU.ActiveCfg = Release|Any CPU
		{4B2ED757-D7DA-4C01-A274-51182AE7108F}.Release|Any CPU.Build.0 = Release|Any CPU
	EndGlobalSection
EndGlobal
